id: api-block

info:
  name: block.io API Token 可用性校验（token喷洒）
  author: daffainfo
  severity: high
  description: |-
    平台介绍：block.io API 是面向加密资产、区块链节点、行情或汇率数据的服务平台，常用于查询链上数据、交易市场、账户余额、货币价格或金融数据。该模板用于校验提交的 block.io API Token 是否仍然有效。检测逻辑会向 `block.io/api/v2/get_balance/` 发起低影响 API 请求，通过查询参数中的 API Key/Token 传递 `{{token}}`，并依据响应中的 `"network"`、`"available_balance"`、`"pending_received_balance"` 判断凭据是否可用；命中通常表示该 Token 可被继续调用对应平台能力。
  reference:
    - https://block.io/docs/basic
    - https://github.com/daffainfo/all-about-apikey/tree/main/block
  metadata:
    max-request: 1
  tags: token-spray,block
  impact: |-
    - 攻击者可访问行情、链上查询、钱包、节点或账户相关数据，并消耗 API 配额。
    - 若 Token 绑定交易或托管能力，可能进一步造成资产操作风险或业务数据泄露。
  remediation: |-
    - 立即撤销或轮换已暴露的 API Token，并确认旧 Token 不再可用。
    - 按最小权限原则重新签发凭据，限制作用域、来源地址、项目范围和有效期。
    - 在代码仓库、CI/CD、日志和配置文件中排查泄露来源，避免 Token 再次提交或外传。
self-contained: true

http:
  - method: GET
    path:
      - "https://block.io/api/v2/get_balance/?api_key={{token}}"

    matchers:
      - type: word
        part: body
        words:
          - '"network"'
          - '"available_balance"'
          - '"pending_received_balance"'
        condition: and
# digest: 4a0a0047304502200f4c746c10842ad6f01e887378e050d39effe079a57d07d7d9bf83d90b6e3cd9022100e5fce0a4973ec3bd4e6503c585a151bb0acbe2a63d791b11761496df1ba2e436:922c64590222798bb761d5b6d8e72950